
Microsoft Visual Studio Solution File, Format Version 12.00
# Visual Studio Version 17
VisualStudioVersion = 17.9.34723.18
MinimumVisualStudioVersion = 10.0.40219.1
Project("{9A19103F-16F7-4668-BE54-9A1E7A4F7556}") = "Group12", "Group12.csproj", "{FBA81900-94D7-436E-BE95-F86C1B6CC75B}"
EndProject
Project("{FAE04EC0-301F-11D3-BF4B-00C04F79EFBC}") = "MSTestProjects", "..\MSTestProjects\MSTestProjects.csproj", "{48CBCD81-C96E-47C0-B29B-46B52916A620}"
EndProject
Global
	GlobalSection(SolutionConfigurationPlatforms) = preSolution
		Debug|Any CPU = Debug|Any CPU
		Release|Any CPU = Release|Any CPU
	EndGlobalSection
	GlobalSection(ProjectConfigurationPlatforms) = postSolution
		{FBA81900-94D7-436E-BE95-F86C1B6CC75B}.Debug|Any CPU.ActiveCfg = Debug|Any CPU
		{FBA81900-94D7-436E-BE95-F86C1B6CC75B}.Debug|Any CPU.Build.0 = Debug|Any CPU
		{FBA81900-94D7-436E-BE95-F86C1B6CC75B}.Release|Any CPU.ActiveCfg = Release|Any CPU
		{FBA81900-94D7-436E-BE95-F86C1B6CC75B}.Release|Any CPU.Build.0 = Release|Any CPU
		{48CBCD81-C96E-47C0-B29B-46B52916A620}.Debug|Any CPU.ActiveCfg = Debug|Any CPU
		{48CBCD81-C96E-47C0-B29B-46B52916A620}.Debug|Any CPU.Build.0 = Debug|Any CPU
		{48CBCD81-C96E-47C0-B29B-46B52916A620}.Release|Any CPU.ActiveCfg = Release|Any CPU
		{48CBCD81-C96E-47C0-B29B-46B52916A620}.Release|Any CPU.Build.0 = Release|Any CPU
	EndGlobalSection
	GlobalSection(SolutionProperties) = preSolution
		HideSolutionNode = FALSE
	EndGlobalSection
	GlobalSection(ExtensibilityGlobals) = postSolution
		SolutionGuid = {49B08DF5-4E77-491B-ABC6-20908646F069}
	EndGlobalSection
EndGlobal
